
Microsoft Visual Studio Solution File, Format Version 12.00
# Visual Studio Version 17
VisualStudioVersion = 17.14.36908.2
MinimumVisualStudioVersion = 10.0.40219.1
Project("{FAE04EC0-301F-11D3-BF4B-00C04F79EFBC}") = "KiWish", "KiWish\KiWish.csproj", "{3A56C548-050B-48C4-BAEC-C74978FDBD72}"
EndProject
Project("{2150E333-8FDC-42A3-9474-1A3956D46DE8}") = "Solution Items", "Solution Items", "{8EC462FD-D22E-90A8-E5CE-7E832BA40C5D}"
	ProjectSection(SolutionItems) = preProject
		package.json = package.json
	EndProjectSection
EndProject
Global
	GlobalSection(SolutionConfigurationPlatforms) = preSolution
		Debug|Any CPU = Debug|Any CPU
		Release|Any CPU = Release|Any CPU
	EndGlobalSection
	GlobalSection(ProjectConfigurationPlatforms) = postSolution
		{3A56C548-050B-48C4-BAEC-C74978FDBD72}.Debug|Any CPU.ActiveCfg = Debug|Any CPU
		{3A56C548-050B-48C4-BAEC-C74978FDBD72}.Debug|Any CPU.Build.0 = Debug|Any CPU
		{3A56C548-050B-48C4-BAEC-C74978FDBD72}.Release|Any CPU.ActiveCfg = Release|Any CPU
		{3A56C548-050B-48C4-BAEC-C74978FDBD72}.Release|Any CPU.Build.0 = Release|Any CPU
	EndGlobalSection
	GlobalSection(SolutionProperties) = preSolution
		HideSolutionNode = FALSE
	EndGlobalSection
	GlobalSection(ExtensibilityGlobals) = postSolution
		SolutionGuid = {42EB9C6E-94EF-4804-836A-158D3C22B93C}
	EndGlobalSection
EndGlobal
